// !$*UTF8*$!
{
	archiveVersion = 1;
	classes = {
	};
	objectVersion = 46;
	objects = {

/* Begin PBXBuildFile section */
		1FFDB2B61E8A425A0011B2CE /* AppDelegate.swift in Sources */ = {isa = PBXBuildFile; fileRef = 1FFDB2B51E8A425A0011B2CE /* AppDelegate.swift */; };
		1FFDB2B81E8A425A0011B2CE /* ViewController.swift in Sources */ = {isa = PBXBuildFile; fileRef = 1FFDB2B71E8A425A0011B2CE /* ViewController.swift */; };
		1FFDB2BB1E8A425A0011B2CE /* Main.storyboard in Resources */ = {isa = PBXBuildFile; fileRef = 1FFDB2B91E8A425A0011B2CE /* Main.storyboard */; };
		1FFDB2BD1E8A425A0011B2CE /* Assets.xcassets in Resources */ = {isa = PBXBuildFile; fileRef = 1FFDB2BC1E8A425A0011B2CE /* Assets.xcassets */; };
		1FFDB2C01E8A425A0011B2CE /* LaunchScreen.storyboard in Resources */ = {isa = PBXBuildFile; fileRef = 1FFDB2BE1E8A425A0011B2CE /* LaunchScreen.storyboard */; };
		1FFDB2CB1E8A425A0011B2CE /* momodaJigsawTests.swift in Sources */ = {isa = PBXBuildFile; fileRef = 1FFDB2CA1E8A425A0011B2CE /* momodaJigsawTests.swift */; };
		1FFDB2D61E8A425A0011B2CE /* momodaJigsawUITests.swift in Sources */ = {isa = PBXBuildFile; fileRef = 1FFDB2D51E8A425A0011B2CE /* momodaJigsawUITests.swift */; };
		1FFDB2E41E8A54A40011B2CE /* Podfile in Resources */ = {isa = PBXBuildFile; fileRef = 1FFDB2E31E8A54A40011B2CE /* Podfile */; };
		1FFDB2F41E8A651A0011B2CE /* Realm.framework in Frameworks */ = {isa = PBXBuildFile; fileRef = 1FFDB2F21E8A651A0011B2CE /* Realm.framework */; };
		1FFDB2F51E8A651A0011B2CE /* RealmSwift.framework in Frameworks */ = {isa = PBXBuildFile; fileRef = 1FFDB2F31E8A651A0011B2CE /* RealmSwift.framework */; };
		1FFDB2F71E8A66BE0011B2CE /* Realm.framework in Frameworks */ = {isa = PBXBuildFile; fileRef = 1FFDB2F21E8A651A0011B2CE /* Realm.framework */; };
		1FFDB2F81E8A66BE0011B2CE /* Realm.framework in Embed Frameworks */ = {isa = PBXBuildFile; fileRef = 1FFDB2F21E8A651A0011B2CE /* Realm.framework */; settings = {ATTRIBUTES = (CodeSignOnCopy, RemoveHeadersOnCopy, ); }; };
		1FFDB2FA1E8A66C20011B2CE /* RealmSwift.framework in Frameworks */ = {isa = PBXBuildFile; fileRef = 1FFDB2F31E8A651A0011B2CE /* RealmSwift.framework */; };
		1FFDB2FB1E8A66C20011B2CE /* RealmSwift.framework in Embed Frameworks */ = {isa = PBXBuildFile; fileRef = 1FFDB2F31E8A651A0011B2CE /* RealmSwift.framework */; settings = {ATTRIBUTES = (CodeSignOnCopy, RemoveHeadersOnCopy, ); }; };
		39A517ABB880597473AC16AE /* Pods_momodaJigsaw.framework in Frameworks */ = {isa = PBXBuildFile; fileRef = B22647E5893694B0CA9CBE1A /* Pods_momodaJigsaw.framework */; };
/* End PBXBuildFile section */

/* Begin PBXContainerItemProxy section */
		1FFDB2C71E8A425A0011B2CE /* PBXContainerItemProxy */ = {
			isa = PBXContainerItemProxy;
			containerPortal = 1FFDB2AA1E8A425A0011B2CE /* Project object */;
			proxyType = 1;
			remoteGlobalIDString = 1FFDB2B11E8A425A0011B2CE;
			remoteInfo = momodaJigsaw;
		};
		1FFDB2D21E8A425A0011B2CE /* PBXContainerItemProxy */ = {
			isa = PBXContainerItemProxy;
			containerPortal = 1FFDB2AA1E8A425A0011B2CE /* Project object */;
			proxyType = 1;
			remoteGlobalIDString = 1FFDB2B11E8A425A0011B2CE;
			remoteInfo = momodaJigsaw;
		};
/* End PBXContainerItemProxy section */

/* Begin PBXCopyFilesBuildPhase section */
		1FFDB2F91E8A66BE0011B2CE /* Embed Frameworks */ = {
			isa = PBXCopyFilesBuildPhase;
			buildActionMask = 2147483647;
			dstPath = "";
			dstSubfolderSpec = 10;
			files = (
				1FFDB2FB1E8A66C20011B2CE /* RealmSwift.framework in Embed Frameworks */,
				1FFDB2F81E8A66BE0011B2CE /* Realm.framework in Embed Frameworks */,
			);
			name = "Embed Frameworks";
			runOnlyForDeploymentPostprocessing = 0;
		};
/* End PBXCopyFilesBuildPhase section */

/* Begin PBXFileReference section */
		1FFDB2B21E8A425A0011B2CE /* momodaJigsaw.app */ = {isa = PBXFileReference; explicitFileType = wrapper.application; includeInIndex = 0; path = momodaJigsaw.app; sourceTree = BUILT_PRODUCTS_DIR; };
		1FFDB2B51E8A425A0011B2CE /* AppDelegate.swift */ = {isa = PBXFileReference; lastKnownFileType = sourcecode.swift; path = AppDelegate.swift; sourceTree = "<group>"; };
		1FFDB2B71E8A425A0011B2CE /* ViewController.swift */ = {isa = PBXFileReference; lastKnownFileType = sourcecode.swift; path = ViewController.swift; sourceTree = "<group>"; };
		1FFDB2BA1E8A425A0011B2CE /* Base */ = {isa = PBXFileReference; lastKnownFileType = file.storyboard; name = Base; path = Base.lproj/Main.storyboard; sourceTree = "<group>"; };
		1FFDB2BC1E8A425A0011B2CE /* Assets.xcassets */ = {isa = PBXFileReference; lastKnownFileType = folder.assetcatalog; path = Assets.xcassets; sourceTree = "<group>"; };
		1FFDB2BF1E8A425A0011B2CE /* Base */ = {isa = PBXFileReference; lastKnownFileType = file.storyboard; name = Base; path = Base.lproj/LaunchScreen.storyboard; sourceTree = "<group>"; };
		1FFDB2C11E8A425A0011B2CE /* Info.plist */ = {isa = PBXFileReference; lastKnownFileType = text.plist.xml; path = Info.plist; sourceTree = "<group>"; };
		1FFDB2C61E8A425A0011B2CE /* momodaJigsawTests.xctest */ = {isa = PBXFileReference; explicitFileType = wrapper.cfbundle; includeInIndex = 0; path = momodaJigsawTests.xctest; sourceTree = BUILT_PRODUCTS_DIR; };
		1FFDB2CA1E8A425A0011B2CE /* momodaJigsawTests.swift */ = {isa = PBXFileReference; lastKnownFileType = sourcecode.swift; path = momodaJigsawTests.swift; sourceTree = "<group>"; };
		1FFDB2CC1E8A425A0011B2CE /* Info.plist */ = {isa = PBXFileReference; lastKnownFileType = text.plist.xml; path = Info.plist; sourceTree = "<group>"; };
		1FFDB2D11E8A425A0011B2CE /* momodaJigsawUITests.xctest */ = {isa = PBXFileReference; explicitFileType = wrapper.cfbundle; includeInIndex = 0; path = momodaJigsawUITests.xctest; sourceTree = BUILT_PRODUCTS_DIR; };
		1FFDB2D51E8A425A0011B2CE /* momodaJigsawUITests.swift */ = {isa = PBXFileReference; lastKnownFileType = sourcecode.swift; path = momodaJigsawUITests.swift; sourceTree = "<group>"; };
		1FFDB2D71E8A425A0011B2CE /* Info.plist */ = {isa = PBXFileReference; lastKnownFileType = text.plist.xml; path = Info.plist; sourceTree = "<group>"; };
		1FFDB2E31E8A54A40011B2CE /* Podfile */ = {isa = PBXFileReference; fileEncoding = 4; lastKnownFileType = text; name = Podfile; path = ../Podfile; sourceTree = "<group>"; xcLanguageSpecificationIdentifier = xcode.lang.ruby; };
		1FFDB2F21E8A651A0011B2CE /* Realm.framework */ = {isa = PBXFileReference; lastKnownFileType = wrapper.framework; path = Realm.framework; sourceTree = "<group>"; };
		1FFDB2F31E8A651A0011B2CE /* RealmSwift.framework */ = {isa = PBXFileReference; lastKnownFileType = wrapper.framework; path = RealmSwift.framework; sourceTree = "<group>"; };
		B22647E5893694B0CA9CBE1A /* Pods_momodaJigsaw.framework */ = {isa = PBXFileReference; explicitFileType = wrapper.framework; includeInIndex = 0; path = Pods_momodaJigsaw.framework; sourceTree = BUILT_PRODUCTS_DIR; };
		B83FCDE8060717DAE13E8CBA /* Pods-momodaJigsaw.debug.xcconfig */ = {isa = PBXFileReference; includeInIndex = 1; lastKnownFileType = text.xcconfig; name = "Pods-momodaJigsaw.debug.xcconfig"; path = "Pods/Target Support Files/Pods-momodaJigsaw/Pods-momodaJigsaw.debug.xcconfig"; sourceTree = "<group>"; };
		BCB6D25EE784C70E4E7DAA4A /* Pods-momodaJigsaw.release.xcconfig */ = {isa = PBXFileReference; includeInIndex = 1; lastKnownFileType = text.xcconfig; name = "Pods-momodaJigsaw.release.xcconfig"; path = "Pods/Target Support Files/Pods-momodaJigsaw/Pods-momodaJigsaw.release.xcconfig"; sourceTree = "<group>"; };
/* End PBXFileReference section */

/* Begin PBXFrameworksBuildPhase section */
		1FFDB2AF1E8A425A0011B2CE /* Frameworks */ = {
			isa = PBXFrameworksBuildPhase;
			buildActionMask = 2147483647;
			files = (
				1FFDB2F71E8A66BE0011B2CE /* Realm.framework in Frameworks */,
				1FFDB2FA1E8A66C20011B2CE /* RealmSwift.framework in Frameworks */,
				1FFDB2F41E8A651A0011B2CE /* Realm.framework in Frameworks */,
				39A517ABB880597473AC16AE /* Pods_momodaJigsaw.framework in Frameworks */,
				1FFDB2F51E8A651A0011B2CE /* RealmSwift.framework in Frameworks */,
			);
			runOnlyForDeploymentPostprocessing = 0;
		};
		1FFDB2C31E8A425A0011B2CE /* Frameworks */ = {
			isa = PBXFrameworksBuildPhase;
			buildActionMask = 2147483647;
			files = (
			);
			runOnlyForDeploymentPostprocessing = 0;
		};
		1FFDB2CE1E8A425A0011B2CE /* Frameworks */ = {
			isa = PBXFrameworksBuildPhase;
			buildActionMask = 2147483647;
			files = (
			);
			runOnlyForDeploymentPostprocessing = 0;
		};
/* End PBXFrameworksBuildPhase section */

/* Begin PBXGroup section */
		1FFDB2A91E8A425A0011B2CE = {
			isa = PBXGroup;
			children = (
				1FFDB2B41E8A425A0011B2CE /* momodaJigsaw */,
				1FFDB2C91E8A425A0011B2CE /* momodaJigsawTests */,
				1FFDB2D41E8A425A0011B2CE /* momodaJigsawUITests */,
				1FFDB2B31E8A425A0011B2CE /* Products */,
				F12FF2C201D78113A03DE047 /* Pods */,
				53C383FE5A7A162E2BEBEEAA /* Frameworks */,
			);
			sourceTree = "<group>";
		};
		1FFDB2B31E8A425A0011B2CE /* Products */ = {
			isa = PBXGroup;
			children = (
				1FFDB2B21E8A425A0011B2CE /* momodaJigsaw.app */,
				1FFDB2C61E8A425A0011B2CE /* momodaJigsawTests.xctest */,
				1FFDB2D11E8A425A0011B2CE /* momodaJigsawUITests.xctest */,
			);
			name = Products;
			sourceTree = "<group>";
		};
		1FFDB2B41E8A425A0011B2CE /* momodaJigsaw */ = {
			isa = PBXGroup;
			children = (
				1FFDB2B51E8A425A0011B2CE /* AppDelegate.swift */,
				1FFDB2B71E8A425A0011B2CE /* ViewController.swift */,
				1FFDB2B91E8A425A0011B2CE /* Main.storyboard */,
				1FFDB2BC1E8A425A0011B2CE /* Assets.xcassets */,
				1FFDB2BE1E8A425A0011B2CE /* LaunchScreen.storyboard */,
				1FFDB2C11E8A425A0011B2CE /* Info.plist */,
				1FFDB2F61E8A65240011B2CE /* support */,
			);
			path = momodaJigsaw;
			sourceTree = "<group>";
		};
		1FFDB2C91E8A425A0011B2CE /* momodaJigsawTests */ = {
			isa = PBXGroup;
			children = (
				1FFDB2CA1E8A425A0011B2CE /* momodaJigsawTests.swift */,
				1FFDB2CC1E8A425A0011B2CE /* Info.plist */,
			);
			path = momodaJigsawTests;
			sourceTree = "<group>";
		};
		1FFDB2D41E8A425A0011B2CE /* momodaJigsawUITests */ = {
			isa = PBXGroup;
			children = (
				1FFDB2D51E8A425A0011B2CE /* momodaJigsawUITests.swift */,
				1FFDB2D71E8A425A0011B2CE /* Info.plist */,
			);
			path = momodaJigsawUITests;
			sourceTree = "<group>";
		};
		1FFDB2F61E8A65240011B2CE /* support */ = {
			isa = PBXGroup;
			children = (
				1FFDB2E31E8A54A40011B2CE /* Podfile */,
				1FFDB2F21E8A651A0011B2CE /* Realm.framework */,
				1FFDB2F31E8A651A0011B2CE /* RealmSwift.framework */,
			);
			name = support;
			sourceTree = "<group>";
		};
		53C383FE5A7A162E2BEBEEAA /* Frameworks */ = {
			isa = PBXGroup;
			children = (
				B22647E5893694B0CA9CBE1A /* Pods_momodaJigsaw.framework */,
			);
			name = Frameworks;
			sourceTree = "<group>";
		};
		F12FF2C201D78113A03DE047 /* Pods */ = {
			isa = PBXGroup;
			children = (
				B83FCDE8060717DAE13E8CBA /* Pods-momodaJigsaw.debug.xcconfig */,
				BCB6D25EE784C70E4E7DAA4A /* Pods-momodaJigsaw.release.xcconfig */,
			);
			name = Pods;
			sourceTree = "<group>";
		};
/* End PBXGroup section */

/* Begin PBXNativeTarget section */
		1FFDB2B11E8A425A0011B2CE /* momodaJigsaw */ = {
			isa = PBXNativeTarget;
			buildConfigurationList = 1FFDB2DA1E8A425A0011B2CE /* Build configuration list for PBXNativeTarget "momodaJigsaw" */;
			buildPhases = (
				0FC74FC26E1BE86DA1A7A9AC /* [CP] Check Pods Manifest.lock */,
				1FFDB2AE1E8A425A0011B2CE /* Sources */,
				1FFDB2AF1E8A425A0011B2CE /* Frameworks */,
				1FFDB2B01E8A425A0011B2CE /* Resources */,
				E877B77C2F47517054EE22AB /* [CP] Embed Pods Frameworks */,
				5129108728F8C3750FBE8102 /* [CP] Copy Pods Resources */,
				1FFDB2F91E8A66BE0011B2CE /* Embed Frameworks */,
			);
			buildRules = (
			);
			dependencies = (
			);
			name = momodaJigsaw;
			productName = momodaJigsaw;
			productReference = 1FFDB2B21E8A425A0011B2CE /* momodaJigsaw.app */;
			productType = "com.apple.product-type.application";
		};
		1FFDB2C51E8A425A0011B2CE /* momodaJigsawTests */ = {
			isa = PBXNativeTarget;
			buildConfigurationList = 1FFDB2DD1E8A425A0011B2CE /* Build configuration list for PBXNativeTarget "momodaJigsawTests" */;
			buildPhases = (
				1FFDB2C21E8A425A0011B2CE /* Sources */,
				1FFDB2C31E8A425A0011B2CE /* Frameworks */,
				1FFDB2C41E8A425A0011B2CE /* Resources */,
			);
			buildRules = (
			);
			dependencies = (
				1FFDB2C81E8A425A0011B2CE /* PBXTargetDependency */,
			);
			name = momodaJigsawTests;
			productName = momodaJigsawTests;
			productReference = 1FFDB2C61E8A425A0011B2CE /* momodaJigsawTests.xctest */;
			productType = "com.apple.product-type.bundle.unit-test";
		};
		1FFDB2D01E8A425A0011B2CE /* momodaJigsawUITests */ = {
			isa = PBXNativeTarget;
			buildConfigurationList = 1FFDB2E01E8A425A0011B2CE /* Build configuration list for PBXNativeTarget "momodaJigsawUITests" */;
			buildPhases = (
				1FFDB2CD1E8A425A0011B2CE /* Sources */,
				1FFDB2CE1E8A425A0011B2CE /* Frameworks */,
				1FFDB2CF1E8A425A0011B2CE /* Resources */,
			);
			buildRules = (
			);
			dependencies = (
				1FFDB2D31E8A425A0011B2CE /* PBXTargetDependency */,
			);
			name = momodaJigsawUITests;
			productName = momodaJigsawUITests;
			productReference = 1FFDB2D11E8A425A0011B2CE /* momodaJigsawUITests.xctest */;
			productType = "com.apple.product-type.bundle.ui-testing";
		};
/* End PBXNativeTarget section */

/* Begin PBXProject section */
		1FFDB2AA1E8A425A0011B2CE /* Project object */ = {
			isa = PBXProject;
			attributes = {
				LastSwiftUpdateCheck = 0810;
				LastUpgradeCheck = 0810;
				ORGANIZATIONNAME = lignpeng;
				TargetAttributes = {
					1FFDB2B11E8A425A0011B2CE = {
						CreatedOnToolsVersion = 8.1;
						ProvisioningStyle = Automatic;
					};
					1FFDB2C51E8A425A0011B2CE = {
						CreatedOnToolsVersion = 8.1;
						ProvisioningStyle = Automatic;
						TestTargetID = 1FFDB2B11E8A425A0011B2CE;
					};
					1FFDB2D01E8A425A0011B2CE = {
						CreatedOnToolsVersion = 8.1;
						ProvisioningStyle = Automatic;
						TestTargetID = 1FFDB2B11E8A425A0011B2CE;
					};
				};
			};
			buildConfigurationList = 1FFDB2AD1E8A425A0011B2CE /* Build configuration list for PBXProject "momodaJigsaw" */;
			compatibilityVersion = "Xcode 3.2";
			developmentRegion = English;
			hasScannedForEncodings = 0;
			knownRegions = (
				en,
				Base,
			);
			mainGroup = 1FFDB2A91E8A425A0011B2CE;
			productRefGroup = 1FFDB2B31E8A425A0011B2CE /* Products */;
			projectDirPath = "";
			projectRoot = "";
			targets = (
				1FFDB2B11E8A425A0011B2CE /* momodaJigsaw */,
				1FFDB2C51E8A425A0011B2CE /* momodaJigsawTests */,
				1FFDB2D01E8A425A0011B2CE /* momodaJigsawUITests */,
			);
		};
/* End PBXProject section */

/* Begin PBXResourcesBuildPhase section */
		1FFDB2B01E8A425A0011B2CE /* Resources */ = {
			isa = PBXResourcesBuildPhase;
			buildActionMask = 2147483647;
			files = (
				1FFDB2C01E8A425A0011B2CE /* LaunchScreen.storyboard in Resources */,
				1FFDB2BD1E8A425A0011B2CE /* Assets.xcassets in Resources */,
				1FFDB2E41E8A54A40011B2CE /* Podfile in Resources */,
				1FFDB2BB1E8A425A0011B2CE /* Main.storyboard in Resources */,
			);
			runOnlyForDeploymentPostprocessing = 0;
		};
		1FFDB2C41E8A425A0011B2CE /* Resources */ = {
			isa = PBXResourcesBuildPhase;
			buildActionMask = 2147483647;
			files = (
			);
			runOnlyForDeploymentPostprocessing = 0;
		};
		1FFDB2CF1E8A425A0011B2CE /* Resources */ = {
			isa = PBXResourcesBuildPhase;
			buildActionMask = 2147483647;
			files = (
			);
			runOnlyForDeploymentPostprocessing = 0;
		};
/* End PBXResourcesBuildPhase section */

/* Begin PBXShellScriptBuildPhase section */
		0FC74FC26E1BE86DA1A7A9AC /* [CP] Check Pods Manifest.lock */ = {
			isa = PBXShellScriptBuildPhase;
			buildActionMask = 2147483647;
			files = (
			);
			inputPaths = (
			);
			name = "[CP] Check Pods Manifest.lock";
			outputPaths = (
			);
			runOnlyForDeploymentPostprocessing = 0;
			shellPath = /bin/sh;
			shellScript = "diff \"${PODS_ROOT}/../Podfile.lock\" \"${PODS_ROOT}/Manifest.lock\" > /dev/null\nif [ $? != 0 ] ; then\n    # print error to STDERR\n    echo \"error: The sandbox is not in sync with the Podfile.lock. Run 'pod install' or update your CocoaPods installation.\" >&2\n    exit 1\nfi\n";
			showEnvVarsInLog = 0;
		};
		5129108728F8C3750FBE8102 /* [CP] Copy Pods Resources */ = {
			isa = PBXShellScriptBuildPhase;
			buildActionMask = 2147483647;
			files = (
			);
			inputPaths = (
			);
			name = "[CP] Copy Pods Resources";
			outputPaths = (
			);
			runOnlyForDeploymentPostprocessing = 0;
			shellPath = /bin/sh;
			shellScript = "\"${SRCROOT}/Pods/Target Support Files/Pods-momodaJigsaw/Pods-momodaJigsaw-resources.sh\"\n";
			showEnvVarsInLog = 0;
		};
		E877B77C2F47517054EE22AB /* [CP] Embed Pods Frameworks */ = {
			isa = PBXShellScriptBuildPhase;
			buildActionMask = 2147483647;
			files = (
			);
			inputPaths = (
			);
			name = "[CP] Embed Pods Frameworks";
			outputPaths = (
			);
			runOnlyForDeploymentPostprocessing = 0;
			shellPath = /bin/sh;
			shellScript = "\"${SRCROOT}/Pods/Target Support Files/Pods-momodaJigsaw/Pods-momodaJigsaw-frameworks.sh\"\n";
			showEnvVarsInLog = 0;
		};
/* End PBXShellScriptBuildPhase section */

/* Begin PBXSourcesBuildPhase section */
		1FFDB2AE1E8A425A0011B2CE /* Sources */ = {
			isa = PBXSourcesBuildPhase;
			buildActionMask = 2147483647;
			files = (
				1FFDB2B81E8A425A0011B2CE /* ViewController.swift in Sources */,
				1FFDB2B61E8A425A0011B2CE /* AppDelegate.swift in Sources */,
			);
			runOnlyForDeploymentPostprocessing = 0;
		};
		1FFDB2C21E8A425A0011B2CE /* Sources */ = {
			isa = PBXSourcesBuildPhase;
			buildActionMask = 2147483647;
			files = (
				1FFDB2CB1E8A425A0011B2CE /* momodaJigsawTests.swift in Sources */,
			);
			runOnlyForDeploymentPostprocessing = 0;
		};
		1FFDB2CD1E8A425A0011B2CE /* Sources */ = {
			isa = PBXSourcesBuildPhase;
			buildActionMask = 2147483647;
			files = (
				1FFDB2D61E8A425A0011B2CE /* momodaJigsawUITests.swift in Sources */,
			);
			runOnlyForDeploymentPostprocessing = 0;
		};
/* End PBXSourcesBuildPhase section */

/* Begin PBXTargetDependency section */
		1FFDB2C81E8A425A0011B2CE /* PBXTargetDependency */ = {
			isa = PBXTargetDependency;
			target = 1FFDB2B11E8A425A0011B2CE /* momodaJigsaw */;
			targetProxy = 1FFDB2C71E8A425A0011B2CE /* PBXContainerItemProxy */;
		};
		1FFDB2D31E8A425A0011B2CE /* PBXTargetDependency */ = {
			isa = PBXTargetDependency;
			target = 1FFDB2B11E8A425A0011B2CE /* momodaJigsaw */;
			targetProxy = 1FFDB2D21E8A425A0011B2CE /* PBXContainerItemProxy */;
		};
/* End PBXTargetDependency section */

/* Begin PBXVariantGroup section */
		1FFDB2B91E8A425A0011B2CE /* Main.storyboard */ = {
			isa = PBXVariantGroup;
			children = (
				1FFDB2BA1E8A425A0011B2CE /* Base */,
			);
			name = Main.storyboard;
			sourceTree = "<group>";
		};
		1FFDB2BE1E8A425A0011B2CE /* LaunchScreen.storyboard */ = {
			isa = PBXVariantGroup;
			children = (
				1FFDB2BF1E8A425A0011B2CE /* Base */,
			);
			name = LaunchScreen.storyboard;
			sourceTree = "<group>";
		};
/* End PBXVariantGroup section */

/* Begin XCBuildConfiguration section */
		1FFDB2D81E8A425A0011B2CE /* Debug */ = {
			isa = XCBuildConfiguration;
			buildSettings = {
				ALWAYS_SEARCH_USER_PATHS = NO;
				CLANG_ANALYZER_NONNULL = YES;
				CLANG_CXX_LANGUAGE_STANDARD = "gnu++0x";
				CLANG_CXX_LIBRARY = "libc++";
				CLANG_ENABLE_MODULES = YES;
				CLANG_ENABLE_OBJC_ARC = YES;
				CLANG_WARN_BOOL_CONVERSION = YES;
				CLANG_WARN_CONSTANT_CONVERSION = YES;
				CLANG_WARN_DIRECT_OBJC_ISA_USAGE = YES_ERROR;
				CLANG_WARN_DOCUMENTATION_COMMENTS = YES;
				CLANG_WARN_EMPTY_BODY = YES;
				CLANG_WARN_ENUM_CONVERSION = YES;
				CLANG_WARN_INFINITE_RECURSION = YES;
				CLANG_WARN_INT_CONVERSION = YES;
				CLANG_WARN_OBJC_ROOT_CLASS = YES_ERROR;
				CLANG_WARN_SUSPICIOUS_MOVES = YES;
				CLANG_WARN_UNREACHABLE_CODE = YES;
				CLANG_WARN__DUPLICATE_METHOD_MATCH = YES;
				"CODE_SIGN_IDENTITY[sdk=iphoneos*]" = "iPhone Developer";
				COPY_PHASE_STRIP = NO;
				DEBUG_INFORMATION_FORMAT = dwarf;
				ENABLE_STRICT_OBJC_MSGSEND = YES;
				ENABLE_TESTABILITY = YES;
				GCC_C_LANGUAGE_STANDARD = gnu99;
				GCC_DYNAMIC_NO_PIC = NO;
				GCC_NO_COMMON_BLOCKS = YES;
				GCC_OPTIMIZATION_LEVEL = 0;
				GCC_PREPROCESSOR_DEFINITIONS = (
					"DEBUG=1",
					"$(inherited)",
				);
				GCC_WARN_64_TO_32_BIT_CONVERSION = YES;
				GCC_WARN_ABOUT_RETURN_TYPE = YES_ERROR;
				GCC_WARN_UNDECLARED_SELECTOR = YES;
				GCC_WARN_UNINITIALIZED_AUTOS = YES_AGGRESSIVE;
				GCC_WARN_UNUSED_FUNCTION = YES;
				GCC_WARN_UNUSED_VARIABLE = YES;
				IPHONEOS_DEPLOYMENT_TARGET = 10.1;
				MTL_ENABLE_DEBUG_INFO = YES;
				ONLY_ACTIVE_ARCH = YES;
				SDKROOT = iphoneos;
				SWIFT_ACTIVE_COMPILATION_CONDITIONS = DEBUG;
				SWIFT_OPTIMIZATION_LEVEL = "-Onone";
				TARGETED_DEVICE_FAMILY = "1,2";
			};
			name = Debug;
		};
		1FFDB2D91E8A425A0011B2CE /* Release */ = {
			isa = XCBuildConfiguration;
			buildSettings = {
				ALWAYS_SEARCH_USER_PATHS = NO;
				CLANG_ANALYZER_NONNULL = YES;
				CLANG_CXX_LANGUAGE_STANDARD = "gnu++0x";
				CLANG_CXX_LIBRARY = "libc++";
				CLANG_ENABLE_MODULES = YES;
				CLANG_ENABLE_OBJC_ARC = YES;
				CLANG_WARN_BOOL_CONVERSION = YES;
				CLANG_WARN_CONSTANT_CONVERSION = YES;
				CLANG_WARN_DIRECT_OBJC_ISA_USAGE = YES_ERROR;
				CLANG_WARN_DOCUMENTATION_COMMENTS = YES;
				CLANG_WARN_EMPTY_BODY = YES;
				CLANG_WARN_ENUM_CONVERSION = YES;
				CLANG_WARN_INFINITE_RECURSION = YES;
				CLANG_WARN_INT_CONVERSION = YES;
				CLANG_WARN_OBJC_ROOT_CLASS = YES_ERROR;
				CLANG_WARN_SUSPICIOUS_MOVES = YES;
				CLANG_WARN_UNREACHABLE_CODE = YES;
				CLANG_WARN__DUPLICATE_METHOD_MATCH = YES;
				"CODE_SIGN_IDENTITY[sdk=iphoneos*]" = "iPhone Developer";
				COPY_PHASE_STRIP = NO;
				DEBUG_INFORMATION_FORMAT = "dwarf-with-dsym";
				ENABLE_NS_ASSERTIONS = NO;
				ENABLE_STRICT_OBJC_MSGSEND = YES;
				GCC_C_LANGUAGE_STANDARD = gnu99;
				GCC_NO_COMMON_BLOCKS = YES;
				GCC_WARN_64_TO_32_BIT_CONVERSION = YES;
				GCC_WARN_ABOUT_RETURN_TYPE = YES_ERROR;
				GCC_WARN_UNDECLARED_SELECTOR = YES;
				GCC_WARN_UNINITIALIZED_AUTOS = YES_AGGRESSIVE;
				GCC_WARN_UNUSED_FUNCTION = YES;
				GCC_WARN_UNUSED_VARIABLE = YES;
				IPHONEOS_DEPLOYMENT_TARGET = 10.1;
				MTL_ENABLE_DEBUG_INFO = NO;
				SDKROOT = iphoneos;
				SWIFT_OPTIMIZATION_LEVEL = "-Owholemodule";
				TARGETED_DEVICE_FAMILY = "1,2";
				VALIDATE_PRODUCT = YES;
			};
			name = Release;
		};
		1FFDB2DB1E8A425A0011B2CE /* Debug */ = {
			isa = XCBuildConfiguration;
			baseConfigurationReference = B83FCDE8060717DAE13E8CBA /* Pods-momodaJigsaw.debug.xcconfig */;
			buildSettings = {
				ASSETCATALOG_COMPILER_APPICON_NAME = AppIcon;
				FRAMEWORK_SEARCH_PATHS = (
					"$(inherited)",
					"$(PROJECT_DIR)/momodaJigsaw",
				);
				INFOPLIST_FILE = momodaJigsaw/Info.plist;
				IPHONEOS_DEPLOYMENT_TARGET = 8.0;
				LD_RUNPATH_SEARCH_PATHS = "$(inherited) @executable_path/Frameworks";
				PRODUCT_BUNDLE_IDENTIFIER = momodaJigsaw.momodaJigsaw;
				PRODUCT_NAME = "$(TARGET_NAME)";
				SWIFT_VERSION = 3.0;
			};
			name = Debug;
		};
		1FFDB2DC1E8A425A0011B2CE /* Release */ = {
			isa = XCBuildConfiguration;
			baseConfigurationReference = BCB6D25EE784C70E4E7DAA4A /* Pods-momodaJigsaw.release.xcconfig */;
			buildSettings = {
				ASSETCATALOG_COMPILER_APPICON_NAME = AppIcon;
				FRAMEWORK_SEARCH_PATHS = (
					"$(inherited)",
					"$(PROJECT_DIR)/momodaJigsaw",
				);
				INFOPLIST_FILE = momodaJigsaw/Info.plist;
				IPHONEOS_DEPLOYMENT_TARGET = 8.0;
				LD_RUNPATH_SEARCH_PATHS = "$(inherited) @executable_path/Frameworks";
				PRODUCT_BUNDLE_IDENTIFIER = momodaJigsaw.momodaJigsaw;
				PRODUCT_NAME = "$(TARGET_NAME)";
				SWIFT_VERSION = 3.0;
			};
			name = Release;
		};
		1FFDB2DE1E8A425A0011B2CE /* Debug */ = {
			isa = XCBuildConfiguration;
			buildSettings = {
				ALWAYS_EMBED_SWIFT_STANDARD_LIBRARIES = YES;
				BUNDLE_LOADER = "$(TEST_HOST)";
				INFOPLIST_FILE = momodaJigsawTests/Info.plist;
				LD_RUNPATH_SEARCH_PATHS = "$(inherited) @executable_path/Frameworks @loader_path/Frameworks";
				PRODUCT_BUNDLE_IDENTIFIER = momodaJigsaw.momodaJigsawTests;
				PRODUCT_NAME = "$(TARGET_NAME)";
				SWIFT_VERSION = 3.0;
				TEST_HOST = "$(BUILT_PRODUCTS_DIR)/momodaJigsaw.app/momodaJigsaw";
			};
			name = Debug;
		};
		1FFDB2DF1E8A425A0011B2CE /* Release */ = {
			isa = XCBuildConfiguration;
			buildSettings = {
				ALWAYS_EMBED_SWIFT_STANDARD_LIBRARIES = YES;
				BUNDLE_LOADER = "$(TEST_HOST)";
				INFOPLIST_FILE = momodaJigsawTests/Info.plist;
				LD_RUNPATH_SEARCH_PATHS = "$(inherited) @executable_path/Frameworks @loader_path/Frameworks";
				PRODUCT_BUNDLE_IDENTIFIER = momodaJigsaw.momodaJigsawTests;
				PRODUCT_NAME = "$(TARGET_NAME)";
				SWIFT_VERSION = 3.0;
				TEST_HOST = "$(BUILT_PRODUCTS_DIR)/momodaJigsaw.app/momodaJigsaw";
			};
			name = Release;
		};
		1FFDB2E11E8A425A0011B2CE /* Debug */ = {
			isa = XCBuildConfiguration;
			buildSettings = {
				ALWAYS_EMBED_SWIFT_STANDARD_LIBRARIES = YES;
				INFOPLIST_FILE = momodaJigsawUITests/Info.plist;
				LD_RUNPATH_SEARCH_PATHS = "$(inherited) @executable_path/Frameworks @loader_path/Frameworks";
				PRODUCT_BUNDLE_IDENTIFIER = momodaJigsaw.momodaJigsawUITests;
				PRODUCT_NAME = "$(TARGET_NAME)";
				SWIFT_VERSION = 3.0;
				TEST_TARGET_NAME = momodaJigsaw;
			};
			name = Debug;
		};
		1FFDB2E21E8A425A0011B2CE /* Release */ = {
			isa = XCBuildConfiguration;
			buildSettings = {
				ALWAYS_EMBED_SWIFT_STANDARD_LIBRARIES = YES;
				INFOPLIST_FILE = momodaJigsawUITests/Info.plist;
				LD_RUNPATH_SEARCH_PATHS = "$(inherited) @executable_path/Frameworks @loader_path/Frameworks";
				PRODUCT_BUNDLE_IDENTIFIER = momodaJigsaw.momodaJigsawUITests;
				PRODUCT_NAME = "$(TARGET_NAME)";
				SWIFT_VERSION = 3.0;
				TEST_TARGET_NAME = momodaJigsaw;
			};
			name = Release;
		};
/* End XCBuildConfiguration section */

/* Begin XCConfigurationList section */
		1FFDB2AD1E8A425A0011B2CE /* Build configuration list for PBXProject "momodaJigsaw" */ = {
			isa = XCConfigurationList;
			buildConfigurations = (
				1FFDB2D81E8A425A0011B2CE /* Debug */,
				1FFDB2D91E8A425A0011B2CE /* Release */,
			);
			defaultConfigurationIsVisible = 0;
			defaultConfigurationName = Release;
		};
		1FFDB2DA1E8A425A0011B2CE /* Build configuration list for PBXNativeTarget "momodaJigsaw" */ = {
			isa = XCConfigurationList;
			buildConfigurations = (
				1FFDB2DB1E8A425A0011B2CE /* Debug */,
				1FFDB2DC1E8A425A0011B2CE /* Release */,
			);
			defaultConfigurationIsVisible = 0;
			defaultConfigurationName = Release;
		};
		1FFDB2DD1E8A425A0011B2CE /* Build configuration list for PBXNativeTarget "momodaJigsawTests" */ = {
			isa = XCConfigurationList;
			buildConfigurations = (
				1FFDB2DE1E8A425A0011B2CE /* Debug */,
				1FFDB2DF1E8A425A0011B2CE /* Release */,
			);
			defaultConfigurationIsVisible = 0;
			defaultConfigurationName = Release;
		};
		1FFDB2E01E8A425A0011B2CE /* Build configuration list for PBXNativeTarget "momodaJigsawUITests" */ = {
			isa = XCConfigurationList;
			buildConfigurations = (
				1FFDB2E11E8A425A0011B2CE /* Debug */,
				1FFDB2E21E8A425A0011B2CE /* Release */,
			);
			defaultConfigurationIsVisible = 0;
			defaultConfigurationName = Release;
		};
/* End XCConfigurationList section */
	};
	rootObject = 1FFDB2AA1E8A425A0011B2CE /* Project object */;
}
